
Microsoft Visual Studio Solution File, Format Version 12.00
# Visual Studio Version 17
VisualStudioVersion = 17.5.33516.290
MinimumVisualStudioVersion = 10.0.40219.1
Project("{FAE04EC0-301F-11D3-BF4B-00C04F79EFBC}") = "CinemaFr.WebUI", "CinemaFr.WebUI\CinemaFr.WebUI.csproj", "{3607BC93-BC39-4E0F-9D5E-44094C661B5A}"
EndProject
Project("{FAE04EC0-301F-11D3-BF4B-00C04F79EFBC}") = "CinemaFr.DataAccessLayer", "CinemaFr.DataAccessLayer\CinemaFr.DataAccessLayer.csproj", "{BF4EE602-09E3-49CF-9CDE-F66D4276F6F5}"
EndProject
Project("{FAE04EC0-301F-11D3-BF4B-00C04F79EFBC}") = "CinemaFr.BusinessLayer", "CinemaFr.BusinessLayer\CinemaFr.BusinessLayer.csproj", "{AEA1E792-78D0-4406-973D-26A82E0FE222}"
EndProject
Project("{FAE04EC0-301F-11D3-BF4B-00C04F79EFBC}") = "CinemaFr.Entities", "CinemaFr.Entities\CinemaFr.Entities.csproj", "{650392FE-C571-4208-B5F9-395EDD785035}"
EndProject
Project("{FAE04EC0-301F-11D3-BF4B-00C04F79EFBC}") = "CinemaFr.Common", "CinemaFr.Common\CinemaFr.Common.csproj", "{206D30CF-2E7E-4E78-840A-EA540F2691C2}"
EndProject
Global
	GlobalSection(SolutionConfigurationPlatforms) = preSolution
		Debug|Any CPU = Debug|Any CPU
		Release|Any CPU = Release|Any CPU
	EndGlobalSection
	GlobalSection(ProjectConfigurationPlatforms) = postSolution
		{3607BC93-BC39-4E0F-9D5E-44094C661B5A}.Debug|Any CPU.ActiveCfg = Debug|Any CPU
		{3607BC93-BC39-4E0F-9D5E-44094C661B5A}.Debug|Any CPU.Build.0 = Debug|Any CPU
		{3607BC93-BC39-4E0F-9D5E-44094C661B5A}.Release|Any CPU.ActiveCfg = Release|Any CPU
		{3607BC93-BC39-4E0F-9D5E-44094C661B5A}.Release|Any CPU.Build.0 = Release|Any CPU
		{BF4EE602-09E3-49CF-9CDE-F66D4276F6F5}.Debug|Any CPU.ActiveCfg = Debug|Any CPU
		{BF4EE602-09E3-49CF-9CDE-F66D4276F6F5}.Debug|Any CPU.Build.0 = Debug|Any CPU
		{BF4EE602-09E3-49CF-9CDE-F66D4276F6F5}.Release|Any CPU.ActiveCfg = Release|Any CPU
		{BF4EE602-09E3-49CF-9CDE-F66D4276F6F5}.Release|Any CPU.Build.0 = Release|Any CPU
		{AEA1E792-78D0-4406-973D-26A82E0FE222}.Debug|Any CPU.ActiveCfg = Debug|Any CPU
		{AEA1E792-78D0-4406-973D-26A82E0FE222}.Debug|Any CPU.Build.0 = Debug|Any CPU
		{AEA1E792-78D0-4406-973D-26A82E0FE222}.Release|Any CPU.ActiveCfg = Release|Any CPU
		{AEA1E792-78D0-4406-973D-26A82E0FE222}.Release|Any CPU.Build.0 = Release|Any CPU
		{650392FE-C571-4208-B5F9-395EDD785035}.Debug|Any CPU.ActiveCfg = Debug|Any CPU
		{650392FE-C571-4208-B5F9-395EDD785035}.Debug|Any CPU.Build.0 = Debug|Any CPU
		{650392FE-C571-4208-B5F9-395EDD785035}.Release|Any CPU.ActiveCfg = Release|Any CPU
		{650392FE-C571-4208-B5F9-395EDD785035}.Release|Any CPU.Build.0 = Release|Any CPU
		{206D30CF-2E7E-4E78-840A-EA540F2691C2}.Debug|Any CPU.ActiveCfg = Debug|Any CPU
		{206D30CF-2E7E-4E78-840A-EA540F2691C2}.Debug|Any CPU.Build.0 = Debug|Any CPU
		{206D30CF-2E7E-4E78-840A-EA540F2691C2}.Release|Any CPU.ActiveCfg = Release|Any CPU
		{206D30CF-2E7E-4E78-840A-EA540F2691C2}.Release|Any CPU.Build.0 = Release|Any CPU
	EndGlobalSection
	GlobalSection(SolutionProperties) = preSolution
		HideSolutionNode = FALSE
	EndGlobalSection
	GlobalSection(ExtensibilityGlobals) = postSolution
		SolutionGuid = {F260CEAA-18CE-4DB2-8696-9AC533C315BA}
	EndGlobalSection
EndGlobal
